
Microsoft Visual Studio Solution File, Format Version 12.00
# Visual Studio Version 17
VisualStudioVersion = 17.8.34330.188
MinimumVisualStudioVersion = 10.0.40219.1
Project("{FAE04EC0-301F-11D3-BF4B-00C04F79EFBC}") = "ShoppingList", "ShoppingList.csproj", "{1ABC4035-DF7C-480D-B9CB-D2A87904A20F}"
EndProject
Global
	GlobalSection(SolutionConfigurationPlatforms) = preSolution
		Debug|Any CPU = Debug|Any CPU
		Release|Any CPU = Release|Any CPU
	EndGlobalSection
	GlobalSection(ProjectConfigurationPlatforms) = postSolution
		{1ABC4035-DF7C-480D-B9CB-D2A87904A20F}.Debug|Any CPU.ActiveCfg = Debug|Any CPU
		{1ABC4035-DF7C-480D-B9CB-D2A87904A20F}.Debug|Any CPU.Build.0 = Debug|Any CPU
		{1ABC4035-DF7C-480D-B9CB-D2A87904A20F}.Release|Any CPU.ActiveCfg = Release|Any CPU
		{1ABC4035-DF7C-480D-B9CB-D2A87904A20F}.Release|Any CPU.Build.0 = Release|Any CPU
	EndGlobalSection
	GlobalSection(SolutionProperties) = preSolution
		HideSolutionNode = FALSE
	EndGlobalSection
	GlobalSection(ExtensibilityGlobals) = postSolution
		SolutionGuid = {DD683B59-143B-47AF-9D61-1361FAD953C0}
	EndGlobalSection
EndGlobal
